// !$*UTF8*$!
{
	archiveVersion = 1;
	classes = {
	};
	objectVersion = 50;
	objects = {

/* Begin PBXBuildFile section */
		BF45E940236D0AEF00CF72D2 /* AppDelegate.swift in Sources */ = {isa = PBXBuildFile; fileRef = BF45E93F236D0AEF00CF72D2 /* AppDelegate.swift */; };
		BF45E944236D0AEF00CF72D2 /* ViewController.swift in Sources */ = {isa = PBXBuildFile; fileRef = BF45E943236D0AEF00CF72D2 /* ViewController.swift */; };
		BF45E947236D0AEF00CF72D2 /* Main.storyboard in Resources */ = {isa = PBXBuildFile; fileRef = BF45E945236D0AEF00CF72D2 /* Main.storyboard */; };
		BF45E949236D0AF300CF72D2 /* Assets.xcassets in Resources */ = {isa = PBXBuildFile; fileRef = BF45E948236D0AF300CF72D2 /* Assets.xcassets */; };
		BF45E94C236D0AF300CF72D2 /* LaunchScreen.storyboard in Resources */ = {isa = PBXBuildFile; fileRef = BF45E94A236D0AF300CF72D2 /* LaunchScreen.storyboard */; };
		BF45E954236D291200CF72D2 /* Extensions.swift in Sources */ = {isa = PBXBuildFile; fileRef = BF45E953236D291200CF72D2 /* Extensions.swift */; };
/* End PBXBuildFile section */

/* Begin PBXFileReference section */
		BF45E93C236D0AEF00CF72D2 /* ARithmetics.app */ = {isa = PBXFileReference; explicitFileType = wrapper.application; includeInIndex = 0; path = ARithmetics.app; sourceTree = BUILT_PRODUCTS_DIR; };
		BF45E93F236D0AEF00CF72D2 /* AppDelegate.swift */ = {isa = PBXFileReference; lastKnownFileType = sourcecode.swift; path = AppDelegate.swift; sourceTree = "<group>"; };
		BF45E943236D0AEF00CF72D2 /* ViewController.swift */ = {isa = PBXFileReference; lastKnownFileType = sourcecode.swift; path = ViewController.swift; sourceTree = "<group>"; };
		BF45E946236D0AEF00CF72D2 /* Base */ = {isa = PBXFileReference; lastKnownFileType = file.storyboard; name = Base; path = Base.lproj/Main.storyboard; sourceTree = "<group>"; };
		BF45E948236D0AF300CF72D2 /* Assets.xcassets */ = {isa = PBXFileReference; lastKnownFileType = folder.assetcatalog; path = Assets.xcassets; sourceTree = "<group>"; };
		BF45E94B236D0AF300CF72D2 /* Base */ = {isa = PBXFileReference; lastKnownFileType = file.storyboard; name = Base; path = Base.lproj/LaunchScreen.storyboard; sourceTree = "<group>"; };
		BF45E94D236D0AF300CF72D2 /* Info.plist */ = {isa = PBXFileReference; lastKnownFileType = text.plist.xml; path = Info.plist; sourceTree = "<group>"; };
		BF45E953236D291200CF72D2 /* Extensions.swift */ = {isa = PBXFileReference; lastKnownFileType = sourcecode.swift; path = Extensions.swift; sourceTree = "<group>"; };
/* End PBXFileReference section */

/* Begin PBXFrameworksBuildPhase section */
		BF45E939236D0AEF00CF72D2 /* Frameworks */ = {
			isa = PBXFrameworksBuildPhase;
			buildActionMask = 2147483647;
			files = (
			);
			runOnlyForDeploymentPostprocessing = 0;
		};
/* End PBXFrameworksBuildPhase section */

/* Begin PBXGroup section */
		BF45E933236D0AEF00CF72D2 = {
			isa = PBXGroup;
			children = (
				BF45E93E236D0AEF00CF72D2 /* ARithmetics */,
				BF45E93D236D0AEF00CF72D2 /* Products */,
			);
			sourceTree = "<group>";
		};
		BF45E93D236D0AEF00CF72D2 /* Products */ = {
			isa = PBXGroup;
			children = (
				BF45E93C236D0AEF00CF72D2 /* ARithmetics.app */,
			);
			name = Products;
			sourceTree = "<group>";
		};
		BF45E93E236D0AEF00CF72D2 /* ARithmetics */ = {
			isa = PBXGroup;
			children = (
				BF45E93F236D0AEF00CF72D2 /* AppDelegate.swift */,
				BF45E943236D0AEF00CF72D2 /* ViewController.swift */,
				BF45E945236D0AEF00CF72D2 /* Main.storyboard */,
				BF45E948236D0AF300CF72D2 /* Assets.xcassets */,
				BF45E94A236D0AF300CF72D2 /* LaunchScreen.storyboard */,
				BF45E94D236D0AF300CF72D2 /* Info.plist */,
				BF45E953236D291200CF72D2 /* Extensions.swift */,
			);
			path = ARithmetics;
			sourceTree = "<group>";
		};
/* End PBXGroup section */

/* Begin PBXNativeTarget section */
		BF45E93B236D0AEF00CF72D2 /* ARithmetics */ = {
			isa = PBXNativeTarget;
			buildConfigurationList = BF45E950236D0AF300CF72D2 /* Build configuration list for PBXNativeTarget "ARithmetics" */;
			buildPhases = (
				BF45E938236D0AEF00CF72D2 /* Sources */,
				BF45E939236D0AEF00CF72D2 /* Frameworks */,
				BF45E93A236D0AEF00CF72D2 /* Resources */,
			);
			buildRules = (
			);
			dependencies = (
			);
			name = ARithmetics;
			productName = ARithmetics;
			productReference = BF45E93C236D0AEF00CF72D2 /* ARithmetics.app */;
			productType = "com.apple.product-type.application";
		};
/* End PBXNativeTarget section */

/* Begin PBXProject section */
		BF45E934236D0AEF00CF72D2 /* Project object */ = {
			isa = PBXProject;
			attributes = {
				LastSwiftUpdateCheck = 1120;
				LastUpgradeCheck = 1120;
				ORGANIZATIONNAME = "Dante Cervantes Vega";
				TargetAttributes = {
					BF45E93B236D0AEF00CF72D2 = {
						CreatedOnToolsVersion = 11.2;
					};
				};
			};
			buildConfigurationList = BF45E937236D0AEF00CF72D2 /* Build configuration list for PBXProject "ARithmetics" */;
			compatibilityVersion = "Xcode 9.3";
			developmentRegion = en;
			hasScannedForEncodings = 0;
			knownRegions = (
				en,
				Base,
			);
			mainGroup = BF45E933236D0AEF00CF72D2;
			productRefGroup = BF45E93D236D0AEF00CF72D2 /* Products */;
			projectDirPath = "";
			projectRoot = "";
			targets = (
				BF45E93B236D0AEF00CF72D2 /* ARithmetics */,
			);
		};
/* End PBXProject section */

/* Begin PBXResourcesBuildPhase section */
		BF45E93A236D0AEF00CF72D2 /* Resources */ = {
			isa = PBXResourcesBuildPhase;
			buildActionMask = 2147483647;
			files = (
				BF45E94C236D0AF300CF72D2 /* LaunchScreen.storyboard in Resources */,
				BF45E949236D0AF300CF72D2 /* Assets.xcassets in Resources */,
				BF45E947236D0AEF00CF72D2 /* Main.storyboard in Resources */,
			);
			runOnlyForDeploymentPostprocessing = 0;
		};
/* End PBXResourcesBuildPhase section */

/* Begin PBXSourcesBuildPhase section */
		BF45E938236D0AEF00CF72D2 /* Sources */ = {
			isa = PBXSourcesBuildPhase;
			buildActionMask = 2147483647;
			files = (
				BF45E944236D0AEF00CF72D2 /* ViewController.swift in Sources */,
				BF45E954236D291200CF72D2 /* Extensions.swift in Sources */,
				BF45E940236D0AEF00CF72D2 /* AppDelegate.swift in Sources */,
			);
			runOnlyForDeploymentPostprocessing = 0;
		};
/* End PBXSourcesBuildPhase section */

/* Begin PBXVariantGroup section */
		BF45E945236D0AEF00CF72D2 /* Main.storyboard */ = {
			isa = PBXVariantGroup;
			children = (
				BF45E946236D0AEF00CF72D2 /* Base */,
			);
			name = Main.storyboard;
			sourceTree = "<group>";
		};
		BF45E94A236D0AF300CF72D2 /* LaunchScreen.storyboard */ = {
			isa = PBXVariantGroup;
			children = (
				BF45E94B236D0AF300CF72D2 /* Base */,
			);
			name = LaunchScreen.storyboard;
			sourceTree = "<group>";
		};
/* End PBXVariantGroup section */

/* Begin XCBuildConfiguration section */
		BF45E94E236D0AF300CF72D2 /* Debug */ = {
			isa = XCBuildConfiguration;
			buildSettings = {
				ALWAYS_SEARCH_USER_PATHS = NO;
				CLANG_ANALYZER_NONNULL = YES;
				CLANG_ANALYZER_NUMBER_OBJECT_CONVERSION = YES_AGGRESSIVE;
				CLANG_CXX_LANGUAGE_STANDARD = "gnu++14";
				CLANG_CXX_LIBRARY = "libc++";
				CLANG_ENABLE_MODULES = YES;
				CLANG_ENABLE_OBJC_ARC = YES;
				CLANG_ENABLE_OBJC_WEAK = YES;
				CLANG_WARN_BLOCK_CAPTURE_AUTORELEASING = YES;
				CLANG_WARN_BOOL_CONVERSION = YES;
				CLANG_WARN_COMMA = YES;
				CLANG_WARN_CONSTANT_CONVERSION = YES;
				CLANG_WARN_DEPRECATED_OBJC_IMPLEMENTATIONS = YES;
				CLANG_WARN_DIRECT_OBJC_ISA_USAGE = YES_ERROR;
				CLANG_WARN_DOCUMENTATION_COMMENTS = YES;
				CLANG_WARN_EMPTY_BODY = YES;
				CLANG_WARN_ENUM_CONVERSION = YES;
				CLANG_WARN_INFINITE_RECURSION = YES;
				CLANG_WARN_INT_CONVERSION = YES;
				CLANG_WARN_NON_LITERAL_NULL_CONVERSION = YES;
				CLANG_WARN_OBJC_IMPLICIT_RETAIN_SELF = YES;
				CLANG_WARN_OBJC_LITERAL_CONVERSION = YES;
				CLANG_WARN_OBJC_ROOT_CLASS = YES_ERROR;
				CLANG_WARN_RANGE_LOOP_ANALYSIS = YES;
				CLANG_WARN_STRICT_PROTOTYPES = YES;
				CLANG_WARN_SUSPICIOUS_MOVE = YES;
				CLANG_WARN_UNGUARDED_AVAILABILITY = YES_AGGRESSIVE;
				CLANG_WARN_UNREACHABLE_CODE = YES;
				CLANG_WARN__DUPLICATE_METHOD_MATCH = YES;
				COPY_PHASE_STRIP = NO;
				DEBUG_INFORMATION_FORMAT = dwarf;
				ENABLE_STRICT_OBJC_MSGSEND = YES;
				ENABLE_TESTABILITY = YES;
				GCC_C_LANGUAGE_STANDARD = gnu11;
				GCC_DYNAMIC_NO_PIC = NO;
				GCC_NO_COMMON_BLOCKS = YES;
				GCC_OPTIMIZATION_LEVEL = 0;
				GCC_PREPROCESSOR_DEFINITIONS = (
					"DEBUG=1",
					"$(inherited)",
				);
				GCC_WARN_64_TO_32_BIT_CONVERSION = YES;
				GCC_WARN_ABOUT_RETURN_TYPE = YES_ERROR;
				GCC_WARN_UNDECLARED_SELECTOR = YES;
				GCC_WARN_UNINITIALIZED_AUTOS = YES_AGGRESSIVE;
				GCC_WARN_UNUSED_FUNCTION = YES;
				GCC_WARN_UNUSED_VARIABLE = YES;
				IPHONEOS_DEPLOYMENT_TARGET = 13.2;
				MTL_ENABLE_DEBUG_INFO = INCLUDE_SOURCE;
				MTL_FAST_MATH = YES;
				ONLY_ACTIVE_ARCH = YES;
				SDKROOT = iphoneos;
				SWIFT_ACTIVE_COMPILATION_CONDITIONS = DEBUG;
				SWIFT_OPTIMIZATION_LEVEL = "-Onone";
			};
			name = Debug;
		};
		BF45E94F236D0AF300CF72D2 /* Release */ = {
			isa = XCBuildConfiguration;
			buildSettings = {
				ALWAYS_SEARCH_USER_PATHS = NO;
				CLANG_ANALYZER_NONNULL = YES;
				CLANG_ANALYZER_NUMBER_OBJECT_CONVERSION = YES_AGGRESSIVE;
				CLANG_CXX_LANGUAGE_STANDARD = "gnu++14";
				CLANG_CXX_LIBRARY = "libc++";
				CLANG_ENABLE_MODULES = YES;
				CLANG_ENABLE_OBJC_ARC = YES;
				CLANG_ENABLE_OBJC_WEAK = YES;
				CLANG_WARN_BLOCK_CAPTURE_AUTORELEASING = YES;
				CLANG_WARN_BOOL_CONVERSION = YES;
				CLANG_WARN_COMMA = YES;
				CLANG_WARN_CONSTANT_CONVERSION = YES;
				CLANG_WARN_DEPRECATED_OBJC_IMPLEMENTATIONS = YES;
				CLANG_WARN_DIRECT_OBJC_ISA_USAGE = YES_ERROR;
				CLANG_WARN_DOCUMENTATION_COMMENTS = YES;
				CLANG_WARN_EMPTY_BODY = YES;
				CLANG_WARN_ENUM_CONVERSION = YES;
				CLANG_WARN_INFINITE_RECURSION = YES;
				CLANG_WARN_INT_CONVERSION = YES;
				CLANG_WARN_NON_LITERAL_NULL_CONVERSION = YES;
				CLANG_WARN_OBJC_IMPLICIT_RETAIN_SELF = YES;
				CLANG_WARN_OBJC_LITERAL_CONVERSION = YES;
				CLANG_WARN_OBJC_ROOT_CLASS = YES_ERROR;
				CLANG_WARN_RANGE_LOOP_ANALYSIS = YES;
				CLANG_WARN_STRICT_PROTOTYPES = YES;
				CLANG_WARN_SUSPICIOUS_MOVE = YES;
				CLANG_WARN_UNGUARDED_AVAILABILITY = YES_AGGRESSIVE;
				CLANG_WARN_UNREACHABLE_CODE = YES;
				CLANG_WARN__DUPLICATE_METHOD_MATCH = YES;
				COPY_PHASE_STRIP = NO;
				DEBUG_INFORMATION_FORMAT = "dwarf-with-dsym";
				ENABLE_NS_ASSERTIONS = NO;
				ENABLE_STRICT_OBJC_MSGSEND = YES;
				GCC_C_LANGUAGE_STANDARD = gnu11;
				GCC_NO_COMMON_BLOCKS = YES;
				GCC_WARN_64_TO_32_BIT_CONVERSION = YES;
				GCC_WARN_ABOUT_RETURN_TYPE = YES_ERROR;
				GCC_WARN_UNDECLARED_SELECTOR = YES;
				GCC_WARN_UNINITIALIZED_AUTOS = YES_AGGRESSIVE;
				GCC_WARN_UNUSED_FUNCTION = YES;
				GCC_WARN_UNUSED_VARIABLE = YES;
				IPHONEOS_DEPLOYMENT_TARGET = 13.2;
				MTL_ENABLE_DEBUG_INFO = NO;
				MTL_FAST_MATH = YES;
				SDKROOT = iphoneos;
				SWIFT_COMPILATION_MODE = wholemodule;
				SWIFT_OPTIMIZATION_LEVEL = "-O";
				VALIDATE_PRODUCT = YES;
			};
			name = Release;
		};
		BF45E951236D0AF300CF72D2 /* Debug */ = {
			isa = XCBuildConfiguration;
			buildSettings = {
				ASSETCATALOG_COMPILER_APPICON_NAME = AppIcon;
				CODE_SIGN_STYLE = Automatic;
				DEVELOPMENT_TEAM = L497VDAJB7;
				INFOPLIST_FILE = ARithmetics/Info.plist;
				LD_RUNPATH_SEARCH_PATHS = (
					"$(inherited)",
					"@executable_path/Frameworks",
				);
				PRODUCT_BUNDLE_IDENTIFIER = com.dantevega.ARithmetics;
				PRODUCT_NAME = "$(TARGET_NAME)";
				SWIFT_VERSION = 5.0;
				TARGETED_DEVICE_FAMILY = "1,2";
			};
			name = Debug;
		};
		BF45E952236D0AF300CF72D2 /* Release */ = {
			isa = XCBuildConfiguration;
			buildSettings = {
				ASSETCATALOG_COMPILER_APPICON_NAME = AppIcon;
				CODE_SIGN_STYLE = Automatic;
				DEVELOPMENT_TEAM = L497VDAJB7;
				INFOPLIST_FILE = ARithmetics/Info.plist;
				LD_RUNPATH_SEARCH_PATHS = (
					"$(inherited)",
					"@executable_path/Frameworks",
				);
				PRODUCT_BUNDLE_IDENTIFIER = com.dantevega.ARithmetics;
				PRODUCT_NAME = "$(TARGET_NAME)";
				SWIFT_VERSION = 5.0;
				TARGETED_DEVICE_FAMILY = "1,2";
			};
			name = Release;
		};
/* End XCBuildConfiguration section */

/* Begin XCConfigurationList section */
		BF45E937236D0AEF00CF72D2 /* Build configuration list for PBXProject "ARithmetics" */ = {
			isa = XCConfigurationList;
			buildConfigurations = (
				BF45E94E236D0AF300CF72D2 /* Debug */,
				BF45E94F236D0AF300CF72D2 /* Release */,
			);
			defaultConfigurationIsVisible = 0;
			defaultConfigurationName = Release;
		};
		BF45E950236D0AF300CF72D2 /* Build configuration list for PBXNativeTarget "ARithmetics" */ = {
			isa = XCConfigurationList;
			buildConfigurations = (
				BF45E951236D0AF300CF72D2 /* Debug */,
				BF45E952236D0AF300CF72D2 /* Release */,
			);
			defaultConfigurationIsVisible = 0;
			defaultConfigurationName = Release;
		};
/* End XCConfigurationList section */
	};
	rootObject = BF45E934236D0AEF00CF72D2 /* Project object */;
}
